// !$*UTF8*$!
{
	archiveVersion = 1;
	classes = {
	};
	objectVersion = 46;
	objects = {

/* Begin PBXBuildFile section */
		D84BEC061CED3BB3007ECD78 /* GameSquare.swift in Sources */ = {isa = PBXBuildFile; fileRef = D84BEC051CED3BB3007ECD78 /* GameSquare.swift */; };
		D861F20C1CE8EF3D0047F60F /* AppDelegate.swift in Sources */ = {isa = PBXBuildFile; fileRef = D861F20B1CE8EF3D0047F60F /* AppDelegate.swift */; };
		D861F2101CE8EF3D0047F60F /* GameScene.swift in Sources */ = {isa = PBXBuildFile; fileRef = D861F20F1CE8EF3D0047F60F /* GameScene.swift */; };
		D861F2121CE8EF3D0047F60F /* GameViewController.swift in Sources */ = {isa = PBXBuildFile; fileRef = D861F2111CE8EF3D0047F60F /* GameViewController.swift */; };
		D861F2151CE8EF3D0047F60F /* Main.storyboard in Resources */ = {isa = PBXBuildFile; fileRef = D861F2131CE8EF3D0047F60F /* Main.storyboard */; };
		D861F2171CE8EF3D0047F60F /* Assets.xcassets in Resources */ = {isa = PBXBuildFile; fileRef = D861F2161CE8EF3D0047F60F /* Assets.xcassets */; };
		D861F21A1CE8EF3D0047F60F /* LaunchScreen.storyboard in Resources */ = {isa = PBXBuildFile; fileRef = D861F2181CE8EF3D0047F60F /* LaunchScreen.storyboard */; };
		D861F2241CE8F2F00047F60F /* Sprite.swift in Sources */ = {isa = PBXBuildFile; fileRef = D861F2231CE8F2F00047F60F /* Sprite.swift */; };
		D861F2261CE8F3640047F60F /* aliens.atlas in Resources */ = {isa = PBXBuildFile; fileRef = D861F2251CE8F3640047F60F /* aliens.atlas */; };
		D861F22A1CEAD2D40047F60F /* Button.swift in Sources */ = {isa = PBXBuildFile; fileRef = D861F2291CEAD2D40047F60F /* Button.swift */; };
/* End PBXBuildFile section */

/* Begin PBXFileReference section */
		D84BEC051CED3BB3007ECD78 /* GameSquare.swift */ = {isa = PBXFileReference; fileEncoding = 4; lastKnownFileType = sourcecode.swift; path = GameSquare.swift; sourceTree = "<group>"; };
		D861F2081CE8EF3D0047F60F /* Grid.app */ = {isa = PBXFileReference; explicitFileType = wrapper.application; includeInIndex = 0; path = Grid.app; sourceTree = BUILT_PRODUCTS_DIR; };
		D861F20B1CE8EF3D0047F60F /* AppDelegate.swift */ = {isa = PBXFileReference; lastKnownFileType = sourcecode.swift; path = AppDelegate.swift; sourceTree = "<group>"; };
		D861F20F1CE8EF3D0047F60F /* GameScene.swift */ = {isa = PBXFileReference; lastKnownFileType = sourcecode.swift; path = GameScene.swift; sourceTree = "<group>"; };
		D861F2111CE8EF3D0047F60F /* GameViewController.swift */ = {isa = PBXFileReference; lastKnownFileType = sourcecode.swift; path = GameViewController.swift; sourceTree = "<group>"; };
		D861F2141CE8EF3D0047F60F /* Base */ = {isa = PBXFileReference; lastKnownFileType = file.storyboard; name = Base; path = Base.lproj/Main.storyboard; sourceTree = "<group>"; };
		D861F2161CE8EF3D0047F60F /* Assets.xcassets */ = {isa = PBXFileReference; lastKnownFileType = folder.assetcatalog; path = Assets.xcassets; sourceTree = "<group>"; };
		D861F2191CE8EF3D0047F60F /* Base */ = {isa = PBXFileReference; lastKnownFileType = file.storyboard; name = Base; path = Base.lproj/LaunchScreen.storyboard; sourceTree = "<group>"; };
		D861F21B1CE8EF3D0047F60F /* Info.plist */ = {isa = PBXFileReference; lastKnownFileType = text.plist.xml; path = Info.plist; sourceTree = "<group>"; };
		D861F2231CE8F2F00047F60F /* Sprite.swift */ = {isa = PBXFileReference; fileEncoding = 4; lastKnownFileType = sourcecode.swift; name = Sprite.swift; path = ../Sprite.swift; sourceTree = "<group>"; };
		D861F2251CE8F3640047F60F /* aliens.atlas */ = {isa = PBXFileReference; lastKnownFileType = folder.skatlas; path = aliens.atlas; sourceTree = "<group>"; };
		D861F2291CEAD2D40047F60F /* Button.swift */ = {isa = PBXFileReference; fileEncoding = 4; lastKnownFileType = sourcecode.swift; path = Button.swift; sourceTree = "<group>"; };
/* End PBXFileReference section */

/* Begin PBXFrameworksBuildPhase section */
		D861F2051CE8EF3D0047F60F /* Frameworks */ = {
			isa = PBXFrameworksBuildPhase;
			buildActionMask = 2147483647;
			files = (
			);
			runOnlyForDeploymentPostprocessing = 0;
		};
/* End PBXFrameworksBuildPhase section */

/* Begin PBXGroup section */
		D861F1FF1CE8EF3D0047F60F = {
			isa = PBXGroup;
			children = (
				D861F20A1CE8EF3D0047F60F /* Grid */,
				D861F2091CE8EF3D0047F60F /* Products */,
				D861F2251CE8F3640047F60F /* aliens.atlas */,
			);
			sourceTree = "<group>";
			wrapsLines = 0;
		};
		D861F2091CE8EF3D0047F60F /* Products */ = {
			isa = PBXGroup;
			children = (
				D861F2081CE8EF3D0047F60F /* Grid.app */,
			);
			name = Products;
			sourceTree = "<group>";
		};
		D861F20A1CE8EF3D0047F60F /* Grid */ = {
			isa = PBXGroup;
			children = (
				D861F20B1CE8EF3D0047F60F /* AppDelegate.swift */,
				D861F2291CEAD2D40047F60F /* Button.swift */,
				D84BEC051CED3BB3007ECD78 /* GameSquare.swift */,
				D861F20F1CE8EF3D0047F60F /* GameScene.swift */,
				D861F2111CE8EF3D0047F60F /* GameViewController.swift */,
				D861F2131CE8EF3D0047F60F /* Main.storyboard */,
				D861F2231CE8F2F00047F60F /* Sprite.swift */,
				D861F2161CE8EF3D0047F60F /* Assets.xcassets */,
				D861F2181CE8EF3D0047F60F /* LaunchScreen.storyboard */,
				D861F21B1CE8EF3D0047F60F /* Info.plist */,
			);
			path = Grid;
			sourceTree = "<group>";
		};
/* End PBXGroup section */

/* Begin PBXNativeTarget section */
		D861F2071CE8EF3D0047F60F /* Grid */ = {
			isa = PBXNativeTarget;
			buildConfigurationList = D861F21E1CE8EF3D0047F60F /* Build configuration list for PBXNativeTarget "Grid" */;
			buildPhases = (
				D861F2041CE8EF3D0047F60F /* Sources */,
				D861F2051CE8EF3D0047F60F /* Frameworks */,
				D861F2061CE8EF3D0047F60F /* Resources */,
			);
			buildRules = (
			);
			dependencies = (
			);
			name = Grid;
			productName = Grid;
			productReference = D861F2081CE8EF3D0047F60F /* Grid.app */;
			productType = "com.apple.product-type.application";
		};
/* End PBXNativeTarget section */

/* Begin PBXProject section */
		D861F2001CE8EF3D0047F60F /* Project object */ = {
			isa = PBXProject;
			attributes = {
				LastSwiftUpdateCheck = 0730;
				LastUpgradeCheck = 0730;
				ORGANIZATIONNAME = "mitchell hudson";
				TargetAttributes = {
					D861F2071CE8EF3D0047F60F = {
						CreatedOnToolsVersion = 7.3;
					};
				};
			};
			buildConfigurationList = D861F2031CE8EF3D0047F60F /* Build configuration list for PBXProject "Grid" */;
			compatibilityVersion = "Xcode 3.2";
			developmentRegion = English;
			hasScannedForEncodings = 0;
			knownRegions = (
				en,
				Base,
			);
			mainGroup = D861F1FF1CE8EF3D0047F60F;
			productRefGroup = D861F2091CE8EF3D0047F60F /* Products */;
			projectDirPath = "";
			projectRoot = "";
			targets = (
				D861F2071CE8EF3D0047F60F /* Grid */,
			);
		};
/* End PBXProject section */

/* Begin PBXResourcesBuildPhase section */
		D861F2061CE8EF3D0047F60F /* Resources */ = {
			isa = PBXResourcesBuildPhase;
			buildActionMask = 2147483647;
			files = (
				D861F21A1CE8EF3D0047F60F /* LaunchScreen.storyboard in Resources */,
				D861F2171CE8EF3D0047F60F /* Assets.xcassets in Resources */,
				D861F2151CE8EF3D0047F60F /* Main.storyboard in Resources */,
				D861F2261CE8F3640047F60F /* aliens.atlas in Resources */,
			);
			runOnlyForDeploymentPostprocessing = 0;
		};
/* End PBXResourcesBuildPhase section */

/* Begin PBXSourcesBuildPhase section */
		D861F2041CE8EF3D0047F60F /* Sources */ = {
			isa = PBXSourcesBuildPhase;
			buildActionMask = 2147483647;
			files = (
				D861F2101CE8EF3D0047F60F /* GameScene.swift in Sources */,
				D84BEC061CED3BB3007ECD78 /* GameSquare.swift in Sources */,
				D861F22A1CEAD2D40047F60F /* Button.swift in Sources */,
				D861F2121CE8EF3D0047F60F /* GameViewController.swift in Sources */,
				D861F2241CE8F2F00047F60F /* Sprite.swift in Sources */,
				D861F20C1CE8EF3D0047F60F /* AppDelegate.swift in Sources */,
			);
			runOnlyForDeploymentPostprocessing = 0;
		};
/* End PBXSourcesBuildPhase section */

/* Begin PBXVariantGroup section */
		D861F2131CE8EF3D0047F60F /* Main.storyboard */ = {
			isa = PBXVariantGroup;
			children = (
				D861F2141CE8EF3D0047F60F /* Base */,
			);
			name = Main.storyboard;
			sourceTree = "<group>";
		};
		D861F2181CE8EF3D0047F60F /* LaunchScreen.storyboard */ = {
			isa = PBXVariantGroup;
			children = (
				D861F2191CE8EF3D0047F60F /* Base */,
			);
			name = LaunchScreen.storyboard;
			sourceTree = "<group>";
		};
/* End PBXVariantGroup section */

/* Begin XCBuildConfiguration section */
		D861F21C1CE8EF3D0047F60F /* Debug */ = {
			isa = XCBuildConfiguration;
			buildSettings = {
				ALWAYS_SEARCH_USER_PATHS = NO;
				CLANG_ANALYZER_NONNULL = YES;
				CLANG_CXX_LANGUAGE_STANDARD = "gnu++0x";
				CLANG_CXX_LIBRARY = "libc++";
				CLANG_ENABLE_MODULES = YES;
				CLANG_ENABLE_OBJC_ARC = YES;
				CLANG_WARN_BOOL_CONVERSION = YES;
				CLANG_WARN_CONSTANT_CONVERSION = YES;
				CLANG_WARN_DIRECT_OBJC_ISA_USAGE = YES_ERROR;
				CLANG_WARN_EMPTY_BODY = YES;
				CLANG_WARN_ENUM_CONVERSION = YES;
				CLANG_WARN_INT_CONVERSION = YES;
				CLANG_WARN_OBJC_ROOT_CLASS = YES_ERROR;
				CLANG_WARN_UNREACHABLE_CODE = YES;
				CLANG_WARN__DUPLICATE_METHOD_MATCH = YES;
				"CODE_SIGN_IDENTITY[sdk=iphoneos*]" = "iPhone Developer";
				COPY_PHASE_STRIP = NO;
				DEBUG_INFORMATION_FORMAT = "dwarf-with-dsym";
				ENABLE_STRICT_OBJC_MSGSEND = YES;
				ENABLE_TESTABILITY = YES;
				GCC_C_LANGUAGE_STANDARD = gnu99;
				GCC_DYNAMIC_NO_PIC = NO;
				GCC_NO_COMMON_BLOCKS = YES;
				GCC_OPTIMIZATION_LEVEL = 0;
				GCC_PREPROCESSOR_DEFINITIONS = (
					"DEBUG=1",
					"$(inherited)",
				);
				GCC_WARN_64_TO_32_BIT_CONVERSION = YES;
				GCC_WARN_ABOUT_RETURN_TYPE = YES_ERROR;
				GCC_WARN_UNDECLARED_SELECTOR = YES;
				GCC_WARN_UNINITIALIZED_AUTOS = YES_AGGRESSIVE;
				GCC_WARN_UNUSED_FUNCTION = YES;
				GCC_WARN_UNUSED_VARIABLE = YES;
				IPHONEOS_DEPLOYMENT_TARGET = 9.3;
				MTL_ENABLE_DEBUG_INFO = YES;
				ONLY_ACTIVE_ARCH = YES;
				SDKROOT = iphoneos;
				SWIFT_OPTIMIZATION_LEVEL = "-Onone";
			};
			name = Debug;
		};
		D861F21D1CE8EF3D0047F60F /* Release */ = {
			isa = XCBuildConfiguration;
			buildSettings = {
				ALWAYS_SEARCH_USER_PATHS = NO;
				CLANG_ANALYZER_NONNULL = YES;
				CLANG_CXX_LANGUAGE_STANDARD = "gnu++0x";
				CLANG_CXX_LIBRARY = "libc++";
				CLANG_ENABLE_MODULES = YES;
				CLANG_ENABLE_OBJC_ARC = YES;
				CLANG_WARN_BOOL_CONVERSION = YES;
				CLANG_WARN_CONSTANT_CONVERSION = YES;
				CLANG_WARN_DIRECT_OBJC_ISA_USAGE = YES_ERROR;
				CLANG_WARN_EMPTY_BODY = YES;
				CLANG_WARN_ENUM_CONVERSION = YES;
				CLANG_WARN_INT_CONVERSION = YES;
				CLANG_WARN_OBJC_ROOT_CLASS = YES_ERROR;
				CLANG_WARN_UNREACHABLE_CODE = YES;
				CLANG_WARN__DUPLICATE_METHOD_MATCH = YES;
				"CODE_SIGN_IDENTITY[sdk=iphoneos*]" = "iPhone Developer";
				COPY_PHASE_STRIP = NO;
				DEBUG_INFORMATION_FORMAT = "dwarf-with-dsym";
				ENABLE_NS_ASSERTIONS = NO;
				ENABLE_STRICT_OBJC_MSGSEND = YES;
				GCC_C_LANGUAGE_STANDARD = gnu99;
				GCC_NO_COMMON_BLOCKS = YES;
				GCC_WARN_64_TO_32_BIT_CONVERSION = YES;
				GCC_WARN_ABOUT_RETURN_TYPE = YES_ERROR;
				GCC_WARN_UNDECLARED_SELECTOR = YES;
				GCC_WARN_UNINITIALIZED_AUTOS = YES_AGGRESSIVE;
				GCC_WARN_UNUSED_FUNCTION = YES;
				GCC_WARN_UNUSED_VARIABLE = YES;
				IPHONEOS_DEPLOYMENT_TARGET = 9.3;
				MTL_ENABLE_DEBUG_INFO = NO;
				SDKROOT = iphoneos;
				VALIDATE_PRODUCT = YES;
			};
			name = Release;
		};
		D861F21F1CE8EF3D0047F60F /* Debug */ = {
			isa = XCBuildConfiguration;
			buildSettings = {
				ASSETCATALOG_COMPILER_APPICON_NAME = AppIcon;
				INFOPLIST_FILE = Grid/Info.plist;
				LD_RUNPATH_SEARCH_PATHS = "$(inherited) @executable_path/Frameworks";
				PRODUCT_BUNDLE_IDENTIFIER = com.webdevils.Grid;
				PRODUCT_NAME = "$(TARGET_NAME)";
			};
			name = Debug;
		};
		D861F2201CE8EF3D0047F60F /* Release */ = {
			isa = XCBuildConfiguration;
			buildSettings = {
				ASSETCATALOG_COMPILER_APPICON_NAME = AppIcon;
				INFOPLIST_FILE = Grid/Info.plist;
				LD_RUNPATH_SEARCH_PATHS = "$(inherited) @executable_path/Frameworks";
				PRODUCT_BUNDLE_IDENTIFIER = com.webdevils.Grid;
				PRODUCT_NAME = "$(TARGET_NAME)";
			};
			name = Release;
		};
/* End XCBuildConfiguration section */

/* Begin XCConfigurationList section */
		D861F2031CE8EF3D0047F60F /* Build configuration list for PBXProject "Grid" */ = {
			isa = XCConfigurationList;
			buildConfigurations = (
				D861F21C1CE8EF3D0047F60F /* Debug */,
				D861F21D1CE8EF3D0047F60F /* Release */,
			);
			defaultConfigurationIsVisible = 0;
			defaultConfigurationName = Release;
		};
		D861F21E1CE8EF3D0047F60F /* Build configuration list for PBXNativeTarget "Grid" */ = {
			isa = XCConfigurationList;
			buildConfigurations = (
				D861F21F1CE8EF3D0047F60F /* Debug */,
				D861F2201CE8EF3D0047F60F /* Release */,
			);
			defaultConfigurationIsVisible = 0;
			defaultConfigurationName = Release;
		};
/* End XCConfigurationList section */
	};
	rootObject = D861F2001CE8EF3D0047F60F /* Project object */;
}
